<?xml version="1.0" encoding="UTF-8"?>
<Scheme
   version = "1.3">
   <BuildAction>
      <BuildActionEntries>
         <BuildActionEntry
            buildForRunning = "YES">
            <BuildableReference
               BuildableIdentifier = "primary"
               BlueprintIdentifier = "30319BC038FCE55248383D22"
               BuildableName = "euchre_scoreboard.app"
               BlueprintName = "euchre_scoreboard"
               ReferencedContainer = "container:euchre_scoreboard.xcodeproj">
            </BuildableReference>
         </BuildActionEntry>
      </BuildActionEntries>
   </BuildAction>
   <LaunchAction
      useCustomWorkingDirectory = "NO"
      buildConfiguration = "Debug"
      allowLocationSimulation = "YES">
      <BuildableProductRunnable>
         <BuildableReference
            BuildableIdentifier = "primary"
            BlueprintIdentifier = "30319BC038FCE55248383D22"
            BuildableName = "euchre_scoreboard.app"
            BlueprintName = "euchre_scoreboard"
            ReferencedContainer = "container:euchre_scoreboard.xcodeproj">
         </BuildableReference>
      </BuildableProductRunnable>
   </LaunchAction>
</Scheme>
